
Microsoft Visual Studio Solution File, Format Version 12.00
# Visual Studio 14
VisualStudioVersion = 14.0.25420.1
MinimumVisualStudioVersion = 10.0.40219.1
Project("{FAE04EC0-301F-11D3-BF4B-00C04F79EFBC}") = "Students.API", "Students.API\Students.API.csproj", "{5B142D3E-BF71-4C4F-BB27-11FE83BE1A22}"
EndProject
Project("{FAE04EC0-301F-11D3-BF4B-00C04F79EFBC}") = "Students.DataModel", "Students.DataModel\Students.DataModel.csproj", "{FE990710-7C75-4564-9851-C18B7713D492}"
EndProject
Project("{FAE04EC0-301F-11D3-BF4B-00C04F79EFBC}") = "Students.Services", "Students.Services\Students.Services.csproj", "{0F78157E-363C-4F7D-83E2-EDB9DD6F631E}"
EndProject
Global
	GlobalSection(SolutionConfigurationPlatforms) = preSolution
		Debug|Any CPU = Debug|Any CPU
		Release|Any CPU = Release|Any CPU
	EndGlobalSection
	GlobalSection(ProjectConfigurationPlatforms) = postSolution
		{5B142D3E-BF71-4C4F-BB27-11FE83BE1A22}.Debug|Any CPU.ActiveCfg = Debug|Any CPU
		{5B142D3E-BF71-4C4F-BB27-11FE83BE1A22}.Debug|Any CPU.Build.0 = Debug|Any CPU
		{5B142D3E-BF71-4C4F-BB27-11FE83BE1A22}.Release|Any CPU.ActiveCfg = Release|Any CPU
		{5B142D3E-BF71-4C4F-BB27-11FE83BE1A22}.Release|Any CPU.Build.0 = Release|Any CPU
		{FE990710-7C75-4564-9851-C18B7713D492}.Debug|Any CPU.ActiveCfg = Debug|Any CPU
		{FE990710-7C75-4564-9851-C18B7713D492}.Debug|Any CPU.Build.0 = Debug|Any CPU
		{FE990710-7C75-4564-9851-C18B7713D492}.Release|Any CPU.ActiveCfg = Release|Any CPU
		{FE990710-7C75-4564-9851-C18B7713D492}.Release|Any CPU.Build.0 = Release|Any CPU
		{0F78157E-363C-4F7D-83E2-EDB9DD6F631E}.Debug|Any CPU.ActiveCfg = Debug|Any CPU
		{0F78157E-363C-4F7D-83E2-EDB9DD6F631E}.Debug|Any CPU.Build.0 = Debug|Any CPU
		{0F78157E-363C-4F7D-83E2-EDB9DD6F631E}.Release|Any CPU.ActiveCfg = Release|Any CPU
		{0F78157E-363C-4F7D-83E2-EDB9DD6F631E}.Release|Any CPU.Build.0 = Release|Any CPU
	EndGlobalSection
	GlobalSection(SolutionProperties) = preSolution
		HideSolutionNode = FALSE
	EndGlobalSection
EndGlobal
